<?xml version="1.0" encoding="utf-8"?>
<Project ToolsVersion="4.0" xmlns="http://schemas.microsoft.com/developer/msbuild/2003">
  <ItemGroup>
    <Filter Include="Form Files">
      <UniqueIdentifier>{99349809-55BA-4b9d-BF79-8FDBB0286EB3}</UniqueIdentifier>
      <Extensions>ui</Extensions>
      <ParseFiles>false</ParseFiles>
    </Filter>
    <Filter Include="Form Files">
      <UniqueIdentifier>{99349809-55BA-4b9d-BF79-8FDBB0286EB3}</UniqueIdentifier>
      <Extensions>ui</Extensions>
      <ParseFiles>false</ParseFiles>
    </Filter>
    <Filter Include="Generated Files">
      <UniqueIdentifier>{71ED8ED8-ACB9-4CE9-BBE1-E00B30144E11}</UniqueIdentifier>
      <Extensions>cpp;c;cxx;moc;h;def;odl;idl;res;</Extensions>
    </Filter>
    <Filter Include="Generated Files">
      <UniqueIdentifier>{71ED8ED8-ACB9-4CE9-BBE1-E00B30144E11}</UniqueIdentifier>
      <Extensions>cpp;c;cxx;moc;h;def;odl;idl;res;</Extensions>
    </Filter>
    <Filter Include="Header Files">
      <UniqueIdentifier>{93995380-89BD-4b04-88EB-625FBE52EBFB}</UniqueIdentifier>
      <Extensions>h;hpp;hxx;hm;inl;inc;xsd</Extensions>
    </Filter>
    <Filter Include="Header Files">
      <UniqueIdentifier>{93995380-89BD-4b04-88EB-625FBE52EBFB}</UniqueIdentifier>
      <Extensions>h;hpp;hxx;hm;inl;inc;xsd</Extensions>
    </Filter>
    <Filter Include="Resource Files">
      <UniqueIdentifier>{D9D6E242-F8AF-46E4-B9FD-80ECBC20BA3E}</UniqueIdentifier>
      <Extensions>qrc;*</Extensions>
      <ParseFiles>false</ParseFiles>
    </Filter>
    <Filter Include="Resource Files">
      <UniqueIdentifier>{D9D6E242-F8AF-46E4-B9FD-80ECBC20BA3E}</UniqueIdentifier>
      <Extensions>qrc;*</Extensions>
      <ParseFiles>false</ParseFiles>
    </Filter>
    <Filter Include="Source Files">
      <UniqueIdentifier>{4FC737F1-C7A5-4376-A066-2A32D752A2FF}</UniqueIdentifier>
      <Extensions>cpp;c;cxx;def;odl;idl;hpj;bat;asm;asmx</Extensions>
    </Filter>
    <Filter Include="Source Files">
      <UniqueIdentifier>{4FC737F1-C7A5-4376-A066-2A32D752A2FF}</UniqueIdentifier>
      <Extensions>cpp;c;cxx;def;odl;idl;hpj;bat;asm;asmx</Extensions>
    </Filter>
  </ItemGroup>
  <ItemGroup>
    <ClCompile Include="src\autoverticalscroller.cpp">
      <Filter>Source Files</Filter>
    </ClCompile>
    <ClCompile Include="src\boardview\boardscene.cpp">
      <Filter>Source Files</Filter>
    </ClCompile>
    <ClCompile Include="src\boardview\boardview.cpp">
      <Filter>Source Files</Filter>
    </ClCompile>
    <ClCompile Include="src\chessclock.cpp">
      <Filter>Source Files</Filter>
    </ClCompile>
    <ClCompile Include="src\cutechessapp.cpp">
      <Filter>Source Files</Filter>
    </ClCompile>
    <ClCompile Include="src\engineconfigproxymodel.cpp">
      <Filter>Source Files</Filter>
    </ClCompile>
    <ClCompile Include="src\engineconfigurationdlg.cpp">
      <Filter>Source Files</Filter>
    </ClCompile>
    <ClCompile Include="src\engineconfigurationmodel.cpp">
      <Filter>Source Files</Filter>
    </ClCompile>
    <ClCompile Include="src\enginemanagementdlg.cpp">
      <Filter>Source Files</Filter>
    </ClCompile>
    <ClCompile Include="src\engineoptiondelegate.cpp">
      <Filter>Source Files</Filter>
    </ClCompile>
    <ClCompile Include="src\engineoptionmodel.cpp">
      <Filter>Source Files</Filter>
    </ClCompile>
    <ClCompile Include="src\engineselectiondlg.cpp">
      <Filter>Source Files</Filter>
    </ClCompile>
    <ClCompile Include="src\gamedatabasedlg.cpp">
      <Filter>Source Files</Filter>
    </ClCompile>
    <ClCompile Include="src\gamedatabasemanager.cpp">
      <Filter>Source Files</Filter>
    </ClCompile>
    <ClCompile Include="src\gamedatabasesearchdlg.cpp">
      <Filter>Source Files</Filter>
    </ClCompile>
    <ClCompile Include="src\gameviewer.cpp">
      <Filter>Source Files</Filter>
    </ClCompile>
    <ClCompile Include="src\gamewall.cpp">
      <Filter>Source Files</Filter>
    </ClCompile>
    <ClCompile Include="src\boardview\graphicsboard.cpp">
      <Filter>Source Files</Filter>
    </ClCompile>
    <ClCompile Include="src\boardview\graphicspiece.cpp">
      <Filter>Source Files</Filter>
    </ClCompile>
    <ClCompile Include="src\boardview\graphicspiecereserve.cpp">
      <Filter>Source Files</Filter>
    </ClCompile>
    <ClCompile Include="src\importprogressdlg.cpp">
      <Filter>Source Files</Filter>
    </ClCompile>
    <ClCompile Include="src\main.cpp">
      <Filter>Source Files</Filter>
    </ClCompile>
    <ClCompile Include="src\mainwindow.cpp">
      <Filter>Source Files</Filter>
    </ClCompile>
    <ClCompile Include="3rdparty\modeltest\modeltest.cpp">
      <Filter>Source Files</Filter>
    </ClCompile>
    <ClCompile Include="src\movecommenttoken.cpp">
      <Filter>Source Files</Filter>
    </ClCompile>
    <ClCompile Include="src\movelist.cpp">
      <Filter>Source Files</Filter>
    </ClCompile>
    <ClCompile Include="src\movenumbertoken.cpp">
      <Filter>Source Files</Filter>
    </ClCompile>
    <ClCompile Include="src\movetoken.cpp">
      <Filter>Source Files</Filter>
    </ClCompile>
    <ClCompile Include="src\newgamedlg.cpp">
      <Filter>Source Files</Filter>
    </ClCompile>
    <ClCompile Include="src\newtournamentdialog.cpp">
      <Filter>Source Files</Filter>
    </ClCompile>
    <ClCompile Include="src\pathlineedit.cpp">
      <Filter>Source Files</Filter>
    </ClCompile>
    <ClCompile Include="src\pgndatabase.cpp">
      <Filter>Source Files</Filter>
    </ClCompile>
    <ClCompile Include="src\pgndatabasemodel.cpp">
      <Filter>Source Files</Filter>
    </ClCompile>
    <ClCompile Include="src\pgngameentrymodel.cpp">
      <Filter>Source Files</Filter>
    </ClCompile>
    <ClCompile Include="src\pgnimporter.cpp">
      <Filter>Source Files</Filter>
    </ClCompile>
    <ClCompile Include="src\pgntagsmodel.cpp">
      <Filter>Source Files</Filter>
    </ClCompile>
    <ClCompile Include="src\pgntoken.cpp">
      <Filter>Source Files</Filter>
    </ClCompile>
    <ClCompile Include="src\boardview\piecechooser.cpp">
      <Filter>Source Files</Filter>
    </ClCompile>
    <ClCompile Include="src\plaintextlog.cpp">
      <Filter>Source Files</Filter>
    </ClCompile>
    <ClCompile Include="src\stringvalidator.cpp">
      <Filter>Source Files</Filter>
    </ClCompile>
    <ClCompile Include="src\threadedtask.cpp">
      <Filter>Source Files</Filter>
    </ClCompile>
    <ClCompile Include="src\tilelayout.cpp">
      <Filter>Source Files</Filter>
    </ClCompile>
    <ClCompile Include="src\timecontroldlg.cpp">
      <Filter>Source Files</Filter>
    </ClCompile>
    <ClCompile Include=".moc\moc_autoverticalscroller.cpp">
      <Filter>Generated Files</Filter>
    </ClCompile>
    <ClCompile Include=".moc\moc_boardscene.cpp">
      <Filter>Generated Files</Filter>
    </ClCompile>
    <ClCompile Include=".moc\moc_boardview.cpp">
      <Filter>Generated Files</Filter>
    </ClCompile>
    <ClCompile Include=".moc\moc_chessclock.cpp">
      <Filter>Generated Files</Filter>
    </ClCompile>
    <ClCompile Include=".moc\moc_cutechessapp.cpp">
      <Filter>Generated Files</Filter>
    </ClCompile>
    <ClCompile Include=".moc\moc_engineconfigproxymodel.cpp">
      <Filter>Generated Files</Filter>
    </ClCompile>
    <ClCompile Include=".moc\moc_engineconfigurationdlg.cpp">
      <Filter>Generated Files</Filter>
    </ClCompile>
    <ClCompile Include=".moc\moc_engineconfigurationmodel.cpp">
      <Filter>Generated Files</Filter>
    </ClCompile>
    <ClCompile Include=".moc\moc_enginemanagementdlg.cpp">
      <Filter>Generated Files</Filter>
    </ClCompile>
    <ClCompile Include=".moc\moc_engineoptiondelegate.cpp">
      <Filter>Generated Files</Filter>
    </ClCompile>
    <ClCompile Include=".moc\moc_engineoptionmodel.cpp">
      <Filter>Generated Files</Filter>
    </ClCompile>
    <ClCompile Include=".moc\moc_engineselectiondlg.cpp">
      <Filter>Generated Files</Filter>
    </ClCompile>
    <ClCompile Include=".moc\moc_gamedatabasedlg.cpp">
      <Filter>Generated Files</Filter>
    </ClCompile>
    <ClCompile Include=".moc\moc_gamedatabasemanager.cpp">
      <Filter>Generated Files</Filter>
    </ClCompile>
    <ClCompile Include=".moc\moc_gamedatabasesearchdlg.cpp">
      <Filter>Generated Files</Filter>
    </ClCompile>
    <ClCompile Include=".moc\moc_gameviewer.cpp">
      <Filter>Generated Files</Filter>
    </ClCompile>
    <ClCompile Include=".moc\moc_gamewall.cpp">
      <Filter>Generated Files</Filter>
    </ClCompile>
    <ClCompile Include=".moc\moc_graphicspiece.cpp">
      <Filter>Generated Files</Filter>
    </ClCompile>
    <ClCompile Include=".moc\moc_importprogressdlg.cpp">
      <Filter>Generated Files</Filter>
    </ClCompile>
    <ClCompile Include=".moc\moc_mainwindow.cpp">
      <Filter>Generated Files</Filter>
    </ClCompile>
    <ClCompile Include=".moc\moc_modeltest.cpp">
      <Filter>Generated Files</Filter>
    </ClCompile>
    <ClCompile Include=".moc\moc_movelist.cpp">
      <Filter>Generated Files</Filter>
    </ClCompile>
    <ClCompile Include=".moc\moc_newgamedlg.cpp">
      <Filter>Generated Files</Filter>
    </ClCompile>
    <ClCompile Include=".moc\moc_newtournamentdialog.cpp">
      <Filter>Generated Files</Filter>
    </ClCompile>
    <ClCompile Include=".moc\moc_pathlineedit.cpp">
      <Filter>Generated Files</Filter>
    </ClCompile>
    <ClCompile Include=".moc\moc_pgndatabase.cpp">
      <Filter>Generated Files</Filter>
    </ClCompile>
    <ClCompile Include=".moc\moc_pgndatabasemodel.cpp">
      <Filter>Generated Files</Filter>
    </ClCompile>
    <ClCompile Include=".moc\moc_pgngameentrymodel.cpp">
      <Filter>Generated Files</Filter>
    </ClCompile>
    <ClCompile Include=".moc\moc_pgnimporter.cpp">
      <Filter>Generated Files</Filter>
    </ClCompile>
    <ClCompile Include=".moc\moc_pgntagsmodel.cpp">
      <Filter>Generated Files</Filter>
    </ClCompile>
    <ClCompile Include=".moc\moc_piecechooser.cpp">
      <Filter>Generated Files</Filter>
    </ClCompile>
    <ClCompile Include=".moc\moc_plaintextlog.cpp">
      <Filter>Generated Files</Filter>
    </ClCompile>
    <ClCompile Include=".moc\moc_stringvalidator.cpp">
      <Filter>Generated Files</Filter>
    </ClCompile>
    <ClCompile Include=".moc\moc_threadedtask.cpp">
      <Filter>Generated Files</Filter>
    </ClCompile>
    <ClCompile Include=".moc\moc_tilelayout.cpp">
      <Filter>Generated Files</Filter>
    </ClCompile>
    <ClCompile Include=".moc\moc_timecontroldlg.cpp">
      <Filter>Generated Files</Filter>
    </ClCompile>
    <ClCompile Include="GeneratedFiles\qrc_chessboard.cpp">
      <Filter>Generated Files</Filter>
    </ClCompile>
    <ClCompile Include="GeneratedFiles\qrc_icons.cpp">
      <Filter>Generated Files</Filter>
    </ClCompile>
  </ItemGroup>
  <ItemGroup>
    <CustomBuild Include="src\autoverticalscroller.h">
      <Filter>Header Files</Filter>
    </CustomBuild>
    <CustomBuild Include="src\boardview\boardscene.h">
      <Filter>Header Files</Filter>
    </CustomBuild>
    <CustomBuild Include="src\boardview\boardview.h">
      <Filter>Header Files</Filter>
    </CustomBuild>
    <CustomBuild Include="src\chessclock.h">
      <Filter>Header Files</Filter>
    </CustomBuild>
    <CustomBuild Include="src\cutechessapp.h">
      <Filter>Header Files</Filter>
    </CustomBuild>
    <CustomBuild Include="src\engineconfigproxymodel.h">
      <Filter>Header Files</Filter>
    </CustomBuild>
    <CustomBuild Include="src\engineconfigurationdlg.h">
      <Filter>Header Files</Filter>
    </CustomBuild>
    <CustomBuild Include="src\engineconfigurationmodel.h">
      <Filter>Header Files</Filter>
    </CustomBuild>
    <CustomBuild Include="src\enginemanagementdlg.h">
      <Filter>Header Files</Filter>
    </CustomBuild>
    <CustomBuild Include="src\engineoptiondelegate.h">
      <Filter>Header Files</Filter>
    </CustomBuild>
    <CustomBuild Include="src\engineoptionmodel.h">
      <Filter>Header Files</Filter>
    </CustomBuild>
    <CustomBuild Include="src\engineselectiondlg.h">
      <Filter>Header Files</Filter>
    </CustomBuild>
    <CustomBuild Include="src\gamedatabasedlg.h">
      <Filter>Header Files</Filter>
    </CustomBuild>
    <CustomBuild Include="src\gamedatabasemanager.h">
      <Filter>Header Files</Filter>
    </CustomBuild>
    <CustomBuild Include="src\gamedatabasesearchdlg.h">
      <Filter>Header Files</Filter>
    </CustomBuild>
    <CustomBuild Include="src\gameviewer.h">
      <Filter>Header Files</Filter>
    </CustomBuild>
    <CustomBuild Include="src\gamewall.h">
      <Filter>Header Files</Filter>
    </CustomBuild>
    <ClInclude Include="src\boardview\graphicsboard.h">
      <Filter>Header Files</Filter>
    </ClInclude>
    <CustomBuild Include="src\boardview\graphicspiece.h">
      <Filter>Header Files</Filter>
    </CustomBuild>
    <ClInclude Include="src\boardview\graphicspiecereserve.h">
      <Filter>Header Files</Filter>
    </ClInclude>
    <CustomBuild Include="src\importprogressdlg.h">
      <Filter>Header Files</Filter>
    </CustomBuild>
    <CustomBuild Include="src\mainwindow.h">
      <Filter>Header Files</Filter>
    </CustomBuild>
    <CustomBuild Include="3rdparty\modeltest\modeltest.h">
      <Filter>Header Files</Filter>
    </CustomBuild>
    <ClInclude Include="src\movecommenttoken.h">
      <Filter>Header Files</Filter>
    </ClInclude>
    <CustomBuild Include="src\movelist.h">
      <Filter>Header Files</Filter>
    </CustomBuild>
    <ClInclude Include="src\movenumbertoken.h">
      <Filter>Header Files</Filter>
    </ClInclude>
    <ClInclude Include="src\movetoken.h">
      <Filter>Header Files</Filter>
    </ClInclude>
    <CustomBuild Include="src\newgamedlg.h">
      <Filter>Header Files</Filter>
    </CustomBuild>
    <CustomBuild Include="src\newtournamentdialog.h">
      <Filter>Header Files</Filter>
    </CustomBuild>
    <CustomBuild Include="src\pathlineedit.h">
      <Filter>Header Files</Filter>
    </CustomBuild>
    <CustomBuild Include="src\pgndatabase.h">
      <Filter>Header Files</Filter>
    </CustomBuild>
    <CustomBuild Include="src\pgndatabasemodel.h">
      <Filter>Header Files</Filter>
    </CustomBuild>
    <CustomBuild Include="src\pgngameentrymodel.h">
      <Filter>Header Files</Filter>
    </CustomBuild>
    <CustomBuild Include="src\pgnimporter.h">
      <Filter>Header Files</Filter>
    </CustomBuild>
    <CustomBuild Include="src\pgntagsmodel.h">
      <Filter>Header Files</Filter>
    </CustomBuild>
    <ClInclude Include="src\pgntoken.h">
      <Filter>Header Files</Filter>
    </ClInclude>
    <CustomBuild Include="src\boardview\piecechooser.h">
      <Filter>Header Files</Filter>
    </CustomBuild>
    <CustomBuild Include="src\plaintextlog.h">
      <Filter>Header Files</Filter>
    </CustomBuild>
    <CustomBuild Include="src\stringvalidator.h">
      <Filter>Header Files</Filter>
    </CustomBuild>
    <CustomBuild Include="src\threadedtask.h">
      <Filter>Header Files</Filter>
    </CustomBuild>
    <CustomBuild Include="src\tilelayout.h">
      <Filter>Header Files</Filter>
    </CustomBuild>
    <CustomBuild Include="src\timecontroldlg.h">
      <Filter>Header Files</Filter>
    </CustomBuild>
    <CustomBuild Include=".moc\gamedatabasedlg.moc">
      <Filter>Generated Files</Filter>
    </CustomBuild>
  </ItemGroup>
  <ItemGroup>
    <CustomBuild Include="ui\engineconfigdlg.ui">
      <Filter>Form Files</Filter>
    </CustomBuild>
    <CustomBuild Include="ui\enginemanagementdlg.ui">
      <Filter>Form Files</Filter>
    </CustomBuild>
    <CustomBuild Include="ui\engineselectiondlg.ui">
      <Filter>Form Files</Filter>
    </CustomBuild>
    <CustomBuild Include="ui\gamedatabasedlg.ui">
      <Filter>Form Files</Filter>
    </CustomBuild>
    <CustomBuild Include="ui\gamedatabasesearchdlg.ui">
      <Filter>Form Files</Filter>
    </CustomBuild>
    <CustomBuild Include="ui\importprogressdlg.ui">
      <Filter>Form Files</Filter>
    </CustomBuild>
    <CustomBuild Include="ui\newgamedlg.ui">
      <Filter>Form Files</Filter>
    </CustomBuild>
    <CustomBuild Include="ui\newtournamentdlg.ui">
      <Filter>Form Files</Filter>
    </CustomBuild>
    <CustomBuild Include="ui\timecontroldlg.ui">
      <Filter>Form Files</Filter>
    </CustomBuild>
  </ItemGroup>
  <ItemGroup>
    <None Include="res\icons\toolbutton\add_16x16.png">
      <Filter>Resource Files</Filter>
    </None>
    <CustomBuild Include="res\chessboard\chessboard.qrc">
      <Filter>Resource Files</Filter>
    </CustomBuild>
    <None Include="res\icons\toolbutton\configure_16x16.png">
      <Filter>Resource Files</Filter>
    </None>
    <None Include="res\icons\cutechess_128x128.png">
      <Filter>Resource Files</Filter>
    </None>
    <None Include="res\icons\cutechess_16x16.png">
      <Filter>Resource Files</Filter>
    </None>
    <None Include="res\icons\cutechess_24x24.png">
      <Filter>Resource Files</Filter>
    </None>
    <None Include="res\icons\cutechess_256x256.png">
      <Filter>Resource Files</Filter>
    </None>
    <None Include="res\icons\cutechess_32x32.png">
      <Filter>Resource Files</Filter>
    </None>
    <None Include="res\icons\cutechess_512x512.png">
      <Filter>Resource Files</Filter>
    </None>
    <None Include="res\icons\cutechess_64x64.png">
      <Filter>Resource Files</Filter>
    </None>
    <None Include="res\chessboard\default.svg">
      <Filter>Resource Files</Filter>
    </None>
    <None Include="res\icons\toolbutton\first_16x16.png">
      <Filter>Resource Files</Filter>
    </None>
    <CustomBuild Include="res\icons\icons.qrc">
      <Filter>Resource Files</Filter>
    </CustomBuild>
    <None Include="res\icons\toolbutton\last_16x16.png">
      <Filter>Resource Files</Filter>
    </None>
    <None Include="res\icons\toolbutton\next_16x16.png">
      <Filter>Resource Files</Filter>
    </None>
    <None Include="res\icons\toolbutton\previous_16x16.png">
      <Filter>Resource Files</Filter>
    </None>
    <None Include="res\icons\toolbutton\remove_16x16.png">
      <Filter>Resource Files</Filter>
    </None>
  </ItemGroup>
  <ItemGroup>
    <ResourceCompile Include="res\icons\cutechess_win.rc" />
  </ItemGroup>
  <ItemGroup>
    <ClInclude Include="GeneratedFiles\ui_engineconfigdlg.h">
      <Filter>Generated Files</Filter>
    </ClInclude>
    <ClInclude Include="GeneratedFiles\ui_enginemanagementdlg.h">
      <Filter>Generated Files</Filter>
    </ClInclude>
    <ClInclude Include="GeneratedFiles\ui_engineselectiondlg.h">
      <Filter>Generated Files</Filter>
    </ClInclude>
    <ClInclude Include="GeneratedFiles\ui_gamedatabasedlg.h">
      <Filter>Generated Files</Filter>
    </ClInclude>
    <ClInclude Include="GeneratedFiles\ui_gamedatabasesearchdlg.h">
      <Filter>Generated Files</Filter>
    </ClInclude>
    <ClInclude Include="GeneratedFiles\ui_importprogressdlg.h">
      <Filter>Generated Files</Filter>
    </ClInclude>
    <ClInclude Include="GeneratedFiles\ui_newgamedlg.h">
      <Filter>Generated Files</Filter>
    </ClInclude>
    <ClInclude Include="GeneratedFiles\ui_newtournamentdlg.h">
      <Filter>Generated Files</Filter>
    </ClInclude>
    <ClInclude Include="GeneratedFiles\ui_timecontroldlg.h">
      <Filter>Generated Files</Filter>
    </ClInclude>
  </ItemGroup>
</Project>